{
    "name": "yma-component",
    "version": "1.0.0",
    "lockfileVersion": 1,
    "requires": true,
    "dependencies": {
        "yma-csskit": {
            "version": "1.0.2",
            "resolved": "https://registry.npmjs.org/yma-csskit/-/yma-csskit-1.0.2.tgz",
            "integrity": "sha512-/NaakKIx+Lnw1VvNXvAORD4mfNLcitd9/wND3Wv4mP+TqdOQwJik7d4aylWz+/prxnH+L+cl60w+KpUZmADcxg=="
        }
    }
}
